
Microsoft Visual Studio Solution File, Format Version 12.00
# Visual Studio Version 16
VisualStudioVersion = 16.0.29411.138
MinimumVisualStudioVersion = 10.0.40219.1
Project("{FAE04EC0-301F-11D3-BF4B-00C04F79EFBC}") = "Sangus.Model", "Sangus.Model\Sangus.Model.csproj", "{B64A0166-3935-4C9A-BF74-82200239CC4A}"
EndProject
Project("{FAE04EC0-301F-11D3-BF4B-00C04F79EFBC}") = "Sangus.Data", "Sangus.Data\Sangus.Data.csproj", "{DB01FDD3-92EF-4111-BE31-4AE108CE06EF}"
EndProject
Project("{FAE04EC0-301F-11D3-BF4B-00C04F79EFBC}") = "Sangus.Shared", "Sangus.Shared\Sangus.Shared.csproj", "{E42880D8-9EAC-465A-9A1C-95B0919E87C4}"
EndProject
Project("{FAE04EC0-301F-11D3-BF4B-00C04F79EFBC}") = "Sangus.Services", "Sangus.Services\Sangus.Services.csproj", "{D4646F42-03C3-4783-9998-50E51F5A89E9}"
EndProject
Project("{FAE04EC0-301F-11D3-BF4B-00C04F79EFBC}") = "Sangus.WebApi", "Sangus.WebApi\Sangus.WebApi.csproj", "{A4836129-A931-4DCE-96E1-9B267FDB13B1}"
EndProject
Global
	GlobalSection(SolutionConfigurationPlatforms) = preSolution
		Debug|Any CPU = Debug|Any CPU
		Release|Any CPU = Release|Any CPU
	EndGlobalSection
	GlobalSection(ProjectConfigurationPlatforms) = postSolution
		{B64A0166-3935-4C9A-BF74-82200239CC4A}.Debug|Any CPU.ActiveCfg = Debug|Any CPU
		{B64A0166-3935-4C9A-BF74-82200239CC4A}.Debug|Any CPU.Build.0 = Debug|Any CPU
		{B64A0166-3935-4C9A-BF74-82200239CC4A}.Release|Any CPU.ActiveCfg = Release|Any CPU
		{B64A0166-3935-4C9A-BF74-82200239CC4A}.Release|Any CPU.Build.0 = Release|Any CPU
		{DB01FDD3-92EF-4111-BE31-4AE108CE06EF}.Debug|Any CPU.ActiveCfg = Debug|Any CPU
		{DB01FDD3-92EF-4111-BE31-4AE108CE06EF}.Debug|Any CPU.Build.0 = Debug|Any CPU
		{DB01FDD3-92EF-4111-BE31-4AE108CE06EF}.Release|Any CPU.ActiveCfg = Release|Any CPU
		{DB01FDD3-92EF-4111-BE31-4AE108CE06EF}.Release|Any CPU.Build.0 = Release|Any CPU
		{E42880D8-9EAC-465A-9A1C-95B0919E87C4}.Debug|Any CPU.ActiveCfg = Debug|Any CPU
		{E42880D8-9EAC-465A-9A1C-95B0919E87C4}.Debug|Any CPU.Build.0 = Debug|Any CPU
		{E42880D8-9EAC-465A-9A1C-95B0919E87C4}.Release|Any CPU.ActiveCfg = Release|Any CPU
		{E42880D8-9EAC-465A-9A1C-95B0919E87C4}.Release|Any CPU.Build.0 = Release|Any CPU
		{D4646F42-03C3-4783-9998-50E51F5A89E9}.Debug|Any CPU.ActiveCfg = Debug|Any CPU
		{D4646F42-03C3-4783-9998-50E51F5A89E9}.Debug|Any CPU.Build.0 = Debug|Any CPU
		{D4646F42-03C3-4783-9998-50E51F5A89E9}.Release|Any CPU.ActiveCfg = Release|Any CPU
		{D4646F42-03C3-4783-9998-50E51F5A89E9}.Release|Any CPU.Build.0 = Release|Any CPU
		{A4836129-A931-4DCE-96E1-9B267FDB13B1}.Debug|Any CPU.ActiveCfg = Debug|Any CPU
		{A4836129-A931-4DCE-96E1-9B267FDB13B1}.Debug|Any CPU.Build.0 = Debug|Any CPU
		{A4836129-A931-4DCE-96E1-9B267FDB13B1}.Release|Any CPU.ActiveCfg = Release|Any CPU
		{A4836129-A931-4DCE-96E1-9B267FDB13B1}.Release|Any CPU.Build.0 = Release|Any CPU
	EndGlobalSection
	GlobalSection(SolutionProperties) = preSolution
		HideSolutionNode = FALSE
	EndGlobalSection
	GlobalSection(ExtensibilityGlobals) = postSolution
		SolutionGuid = {D41E692A-B48D-4006-A645-2E4FB2263B6E}
	EndGlobalSection
EndGlobal
